// !$*UTF8*$!
{
	archiveVersion = 1;
	classes = {
	};
	objectVersion = 55;
	objects = {

/* Begin PBXBuildFile section */
		62822005279E0B1D007F97E2 /* AppDelegate.swift in Sources */ = {isa = PBXBuildFile; fileRef = 62822004279E0B1D007F97E2 /* AppDelegate.swift */; };
		62822009279E0B1D007F97E2 /* Actions.sks in Resources */ = {isa = PBXBuildFile; fileRef = 62822008279E0B1D007F97E2 /* Actions.sks */; };
		6282200B279E0B1D007F97E2 /* GameScene.swift in Sources */ = {isa = PBXBuildFile; fileRef = 6282200A279E0B1D007F97E2 /* GameScene.swift */; };
		6282200D279E0B1D007F97E2 /* GameViewController.swift in Sources */ = {isa = PBXBuildFile; fileRef = 6282200C279E0B1D007F97E2 /* GameViewController.swift */; };
		62822010279E0B1D007F97E2 /* Main.storyboard in Resources */ = {isa = PBXBuildFile; fileRef = 6282200E279E0B1D007F97E2 /* Main.storyboard */; };
		62822012279E0B21007F97E2 /* Assets.xcassets in Resources */ = {isa = PBXBuildFile; fileRef = 62822011279E0B21007F97E2 /* Assets.xcassets */; };
		62822015279E0B21007F97E2 /* LaunchScreen.storyboard in Resources */ = {isa = PBXBuildFile; fileRef = 62822013279E0B21007F97E2 /* LaunchScreen.storyboard */; };
		6282201F279E0B21007F97E2 /* CPingPongTests.swift in Sources */ = {isa = PBXBuildFile; fileRef = 6282201E279E0B21007F97E2 /* CPingPongTests.swift */; };
		62822029279E0B21007F97E2 /* CPingPongUITests.swift in Sources */ = {isa = PBXBuildFile; fileRef = 62822028279E0B21007F97E2 /* CPingPongUITests.swift */; };
		6282202B279E0B21007F97E2 /* CPingPongUITestsLaunchTests.swift in Sources */ = {isa = PBXBuildFile; fileRef = 6282202A279E0B21007F97E2 /* CPingPongUITestsLaunchTests.swift */; };
		62822038279E1111007F97E2 /* GameScene.sks in Resources */ = {isa = PBXBuildFile; fileRef = 62822037279E1111007F97E2 /* GameScene.sks */; };
/* End PBXBuildFile section */

/* Begin PBXContainerItemProxy section */
		6282201B279E0B21007F97E2 /* PBXContainerItemProxy */ = {
			isa = PBXContainerItemProxy;
			containerPortal = 62821FF9279E0B1D007F97E2 /* Project object */;
			proxyType = 1;
			remoteGlobalIDString = 62822000279E0B1D007F97E2;
			remoteInfo = CPingPong;
		};
		62822025279E0B21007F97E2 /* PBXContainerItemProxy */ = {
			isa = PBXContainerItemProxy;
			containerPortal = 62821FF9279E0B1D007F97E2 /* Project object */;
			proxyType = 1;
			remoteGlobalIDString = 62822000279E0B1D007F97E2;
			remoteInfo = CPingPong;
		};
/* End PBXContainerItemProxy section */

/* Begin PBXFileReference section */
		62822001279E0B1D007F97E2 /* CPingPong.app */ = {isa = PBXFileReference; explicitFileType = wrapper.application; includeInIndex = 0; path = CPingPong.app; sourceTree = BUILT_PRODUCTS_DIR; };
		62822004279E0B1D007F97E2 /* AppDelegate.swift */ = {isa = PBXFileReference; lastKnownFileType = sourcecode.swift; path = AppDelegate.swift; sourceTree = "<group>"; };
		62822008279E0B1D007F97E2 /* Actions.sks */ = {isa = PBXFileReference; lastKnownFileType = file.sks; path = Actions.sks; sourceTree = "<group>"; };
		6282200A279E0B1D007F97E2 /* GameScene.swift */ = {isa = PBXFileReference; lastKnownFileType = sourcecode.swift; path = GameScene.swift; sourceTree = "<group>"; };
		6282200C279E0B1D007F97E2 /* GameViewController.swift */ = {isa = PBXFileReference; lastKnownFileType = sourcecode.swift; path = GameViewController.swift; sourceTree = "<group>"; };
		6282200F279E0B1D007F97E2 /* Base */ = {isa = PBXFileReference; lastKnownFileType = file.storyboard; name = Base; path = Base.lproj/Main.storyboard; sourceTree = "<group>"; };
		62822011279E0B21007F97E2 /* Assets.xcassets */ = {isa = PBXFileReference; lastKnownFileType = folder.assetcatalog; path = Assets.xcassets; sourceTree = "<group>"; };
		62822014279E0B21007F97E2 /* Base */ = {isa = PBXFileReference; lastKnownFileType = file.storyboard; name = Base; path = Base.lproj/LaunchScreen.storyboard; sourceTree = "<group>"; };
		6282201A279E0B21007F97E2 /* CPingPongTests.xctest */ = {isa = PBXFileReference; explicitFileType = wrapper.cfbundle; includeInIndex = 0; path = CPingPongTests.xctest; sourceTree = BUILT_PRODUCTS_DIR; };
		6282201E279E0B21007F97E2 /* CPingPongTests.swift */ = {isa = PBXFileReference; lastKnownFileType = sourcecode.swift; path = CPingPongTests.swift; sourceTree = "<group>"; };
		62822024279E0B21007F97E2 /* CPingPongUITests.xctest */ = {isa = PBXFileReference; explicitFileType = wrapper.cfbundle; includeInIndex = 0; path = CPingPongUITests.xctest; sourceTree = BUILT_PRODUCTS_DIR; };
		62822028279E0B21007F97E2 /* CPingPongUITests.swift */ = {isa = PBXFileReference; lastKnownFileType = sourcecode.swift; path = CPingPongUITests.swift; sourceTree = "<group>"; };
		6282202A279E0B21007F97E2 /* CPingPongUITestsLaunchTests.swift */ = {isa = PBXFileReference; lastKnownFileType = sourcecode.swift; path = CPingPongUITestsLaunchTests.swift; sourceTree = "<group>"; };
		62822037279E1111007F97E2 /* GameScene.sks */ = {isa = PBXFileReference; lastKnownFileType = file.sks; path = GameScene.sks; sourceTree = "<group>"; };
/* End PBXFileReference section */

/* Begin PBXFrameworksBuildPhase section */
		62821FFE279E0B1D007F97E2 /* Frameworks */ = {
			isa = PBXFrameworksBuildPhase;
			buildActionMask = 2147483647;
			files = (
			);
			runOnlyForDeploymentPostprocessing = 0;
		};
		62822017279E0B21007F97E2 /* Frameworks */ = {
			isa = PBXFrameworksBuildPhase;
			buildActionMask = 2147483647;
			files = (
			);
			runOnlyForDeploymentPostprocessing = 0;
		};
		62822021279E0B21007F97E2 /* Frameworks */ = {
			isa = PBXFrameworksBuildPhase;
			buildActionMask = 2147483647;
			files = (
			);
			runOnlyForDeploymentPostprocessing = 0;
		};
/* End PBXFrameworksBuildPhase section */

/* Begin PBXGroup section */
		62821FF8279E0B1D007F97E2 = {
			isa = PBXGroup;
			children = (
				62822003279E0B1D007F97E2 /* CPingPong */,
				6282201D279E0B21007F97E2 /* CPingPongTests */,
				62822027279E0B21007F97E2 /* CPingPongUITests */,
				62822002279E0B1D007F97E2 /* Products */,
			);
			sourceTree = "<group>";
		};
		62822002279E0B1D007F97E2 /* Products */ = {
			isa = PBXGroup;
			children = (
				62822001279E0B1D007F97E2 /* CPingPong.app */,
				6282201A279E0B21007F97E2 /* CPingPongTests.xctest */,
				62822024279E0B21007F97E2 /* CPingPongUITests.xctest */,
			);
			name = Products;
			sourceTree = "<group>";
		};
		62822003279E0B1D007F97E2 /* CPingPong */ = {
			isa = PBXGroup;
			children = (
				62822004279E0B1D007F97E2 /* AppDelegate.swift */,
				62822008279E0B1D007F97E2 /* Actions.sks */,
				62822037279E1111007F97E2 /* GameScene.sks */,
				6282200A279E0B1D007F97E2 /* GameScene.swift */,
				6282200C279E0B1D007F97E2 /* GameViewController.swift */,
				6282200E279E0B1D007F97E2 /* Main.storyboard */,
				62822011279E0B21007F97E2 /* Assets.xcassets */,
				62822013279E0B21007F97E2 /* LaunchScreen.storyboard */,
			);
			path = CPingPong;
			sourceTree = "<group>";
		};
		6282201D279E0B21007F97E2 /* CPingPongTests */ = {
			isa = PBXGroup;
			children = (
				6282201E279E0B21007F97E2 /* CPingPongTests.swift */,
			);
			path = CPingPongTests;
			sourceTree = "<group>";
		};
		62822027279E0B21007F97E2 /* CPingPongUITests */ = {
			isa = PBXGroup;
			children = (
				62822028279E0B21007F97E2 /* CPingPongUITests.swift */,
				6282202A279E0B21007F97E2 /* CPingPongUITestsLaunchTests.swift */,
			);
			path = CPingPongUITests;
			sourceTree = "<group>";
		};
/* End PBXGroup section */

/* Begin PBXNativeTarget section */
		62822000279E0B1D007F97E2 /* CPingPong */ = {
			isa = PBXNativeTarget;
			buildConfigurationList = 6282202E279E0B21007F97E2 /* Build configuration list for PBXNativeTarget "CPingPong" */;
			buildPhases = (
				62821FFD279E0B1D007F97E2 /* Sources */,
				62821FFE279E0B1D007F97E2 /* Frameworks */,
				62821FFF279E0B1D007F97E2 /* Resources */,
			);
			buildRules = (
			);
			dependencies = (
			);
			name = CPingPong;
			productName = CPingPong;
			productReference = 62822001279E0B1D007F97E2 /* CPingPong.app */;
			productType = "com.apple.product-type.application";
		};
		62822019279E0B21007F97E2 /* CPingPongTests */ = {
			isa = PBXNativeTarget;
			buildConfigurationList = 62822031279E0B21007F97E2 /* Build configuration list for PBXNativeTarget "CPingPongTests" */;
			buildPhases = (
				62822016279E0B21007F97E2 /* Sources */,
				62822017279E0B21007F97E2 /* Frameworks */,
				62822018279E0B21007F97E2 /* Resources */,
			);
			buildRules = (
			);
			dependencies = (
				6282201C279E0B21007F97E2 /* PBXTargetDependency */,
			);
			name = CPingPongTests;
			productName = CPingPongTests;
			productReference = 6282201A279E0B21007F97E2 /* CPingPongTests.xctest */;
			productType = "com.apple.product-type.bundle.unit-test";
		};
		62822023279E0B21007F97E2 /* CPingPongUITests */ = {
			isa = PBXNativeTarget;
			buildConfigurationList = 62822034279E0B21007F97E2 /* Build configuration list for PBXNativeTarget "CPingPongUITests" */;
			buildPhases = (
				62822020279E0B21007F97E2 /* Sources */,
				62822021279E0B21007F97E2 /* Frameworks */,
				62822022279E0B21007F97E2 /* Resources */,
			);
			buildRules = (
			);
			dependencies = (
				62822026279E0B21007F97E2 /* PBXTargetDependency */,
			);
			name = CPingPongUITests;
			productName = CPingPongUITests;
			productReference = 62822024279E0B21007F97E2 /* CPingPongUITests.xctest */;
			productType = "com.apple.product-type.bundle.ui-testing";
		};
/* End PBXNativeTarget section */

/* Begin PBXProject section */
		62821FF9279E0B1D007F97E2 /* Project object */ = {
			isa = PBXProject;
			attributes = {
				BuildIndependentTargetsInParallel = 1;
				LastSwiftUpdateCheck = 1310;
				LastUpgradeCheck = 1310;
				TargetAttributes = {
					62822000279E0B1D007F97E2 = {
						CreatedOnToolsVersion = 13.1;
					};
					62822019279E0B21007F97E2 = {
						CreatedOnToolsVersion = 13.1;
						TestTargetID = 62822000279E0B1D007F97E2;
					};
					62822023279E0B21007F97E2 = {
						CreatedOnToolsVersion = 13.1;
						TestTargetID = 62822000279E0B1D007F97E2;
					};
				};
			};
			buildConfigurationList = 62821FFC279E0B1D007F97E2 /* Build configuration list for PBXProject "CPingPong" */;
			compatibilityVersion = "Xcode 13.0";
			developmentRegion = en;
			hasScannedForEncodings = 0;
			knownRegions = (
				en,
				Base,
			);
			mainGroup = 62821FF8279E0B1D007F97E2;
			productRefGroup = 62822002279E0B1D007F97E2 /* Products */;
			projectDirPath = "";
			projectRoot = "";
			targets = (
				62822000279E0B1D007F97E2 /* CPingPong */,
				62822019279E0B21007F97E2 /* CPingPongTests */,
				62822023279E0B21007F97E2 /* CPingPongUITests */,
			);
		};
/* End PBXProject section */

/* Begin PBXResourcesBuildPhase section */
		62821FFF279E0B1D007F97E2 /* Resources */ = {
			isa = PBXResourcesBuildPhase;
			buildActionMask = 2147483647;
			files = (
				62822010279E0B1D007F97E2 /* Main.storyboard in Resources */,
				62822038279E1111007F97E2 /* GameScene.sks in Resources */,
				62822012279E0B21007F97E2 /* Assets.xcassets in Resources */,
				62822015279E0B21007F97E2 /* LaunchScreen.storyboard in Resources */,
				62822009279E0B1D007F97E2 /* Actions.sks in Resources */,
			);
			runOnlyForDeploymentPostprocessing = 0;
		};
		62822018279E0B21007F97E2 /* Resources */ = {
			isa = PBXResourcesBuildPhase;
			buildActionMask = 2147483647;
			files = (
			);
			runOnlyForDeploymentPostprocessing = 0;
		};
		62822022279E0B21007F97E2 /* Resources */ = {
			isa = PBXResourcesBuildPhase;
			buildActionMask = 2147483647;
			files = (
			);
			runOnlyForDeploymentPostprocessing = 0;
		};
/* End PBXResourcesBuildPhase section */

/* Begin PBXSourcesBuildPhase section */
		62821FFD279E0B1D007F97E2 /* Sources */ = {
			isa = PBXSourcesBuildPhase;
			buildActionMask = 2147483647;
			files = (
				6282200B279E0B1D007F97E2 /* GameScene.swift in Sources */,
				6282200D279E0B1D007F97E2 /* GameViewController.swift in Sources */,
				62822005279E0B1D007F97E2 /* AppDelegate.swift in Sources */,
			);
			runOnlyForDeploymentPostprocessing = 0;
		};
		62822016279E0B21007F97E2 /* Sources */ = {
			isa = PBXSourcesBuildPhase;
			buildActionMask = 2147483647;
			files = (
				6282201F279E0B21007F97E2 /* CPingPongTests.swift in Sources */,
			);
			runOnlyForDeploymentPostprocessing = 0;
		};
		62822020279E0B21007F97E2 /* Sources */ = {
			isa = PBXSourcesBuildPhase;
			buildActionMask = 2147483647;
			files = (
				6282202B279E0B21007F97E2 /* CPingPongUITestsLaunchTests.swift in Sources */,
				62822029279E0B21007F97E2 /* CPingPongUITests.swift in Sources */,
			);
			runOnlyForDeploymentPostprocessing = 0;
		};
/* End PBXSourcesBuildPhase section */

/* Begin PBXTargetDependency section */
		6282201C279E0B21007F97E2 /* PBXTargetDependency */ = {
			isa = PBXTargetDependency;
			target = 62822000279E0B1D007F97E2 /* CPingPong */;
			targetProxy = 6282201B279E0B21007F97E2 /* PBXContainerItemProxy */;
		};
		62822026279E0B21007F97E2 /* PBXTargetDependency */ = {
			isa = PBXTargetDependency;
			target = 62822000279E0B1D007F97E2 /* CPingPong */;
			targetProxy = 62822025279E0B21007F97E2 /* PBXContainerItemProxy */;
		};
/* End PBXTargetDependency section */

/* Begin PBXVariantGroup section */
		6282200E279E0B1D007F97E2 /* Main.storyboard */ = {
			isa = PBXVariantGroup;
			children = (
				6282200F279E0B1D007F97E2 /* Base */,
			);
			name = Main.storyboard;
			sourceTree = "<group>";
		};
		62822013279E0B21007F97E2 /* LaunchScreen.storyboard */ = {
			isa = PBXVariantGroup;
			children = (
				62822014279E0B21007F97E2 /* Base */,
			);
			name = LaunchScreen.storyboard;
			sourceTree = "<group>";
		};
/* End PBXVariantGroup section */

/* Begin XCBuildConfiguration section */
		6282202C279E0B21007F97E2 /* Debug */ = {
			isa = XCBuildConfiguration;
			buildSettings = {
				ALWAYS_SEARCH_USER_PATHS = NO;
				CLANG_ANALYZER_NONNULL = YES;
				CLANG_ANALYZER_NUMBER_OBJECT_CONVERSION = YES_AGGRESSIVE;
				CLANG_CXX_LANGUAGE_STANDARD = "gnu++17";
				CLANG_CXX_LIBRARY = "libc++";
				CLANG_ENABLE_MODULES = YES;
				CLANG_ENABLE_OBJC_ARC = YES;
				CLANG_ENABLE_OBJC_WEAK = YES;
				CLANG_WARN_BLOCK_CAPTURE_AUTORELEASING = YES;
				CLANG_WARN_BOOL_CONVERSION = YES;
				CLANG_WARN_COMMA = YES;
				CLANG_WARN_CONSTANT_CONVERSION = YES;
				CLANG_WARN_DEPRECATED_OBJC_IMPLEMENTATIONS = YES;
				CLANG_WARN_DIRECT_OBJC_ISA_USAGE = YES_ERROR;
				CLANG_WARN_DOCUMENTATION_COMMENTS = YES;
				CLANG_WARN_EMPTY_BODY = YES;
				CLANG_WARN_ENUM_CONVERSION = YES;
				CLANG_WARN_INFINITE_RECURSION = YES;
				CLANG_WARN_INT_CONVERSION = YES;
				CLANG_WARN_NON_LITERAL_NULL_CONVERSION = YES;
				CLANG_WARN_OBJC_IMPLICIT_RETAIN_SELF = YES;
				CLANG_WARN_OBJC_LITERAL_CONVERSION = YES;
				CLANG_WARN_OBJC_ROOT_CLASS = YES_ERROR;
				CLANG_WARN_QUOTED_INCLUDE_IN_FRAMEWORK_HEADER = YES;
				CLANG_WARN_RANGE_LOOP_ANALYSIS = YES;
				CLANG_WARN_STRICT_PROTOTYPES = YES;
				CLANG_WARN_SUSPICIOUS_MOVE = YES;
				CLANG_WARN_UNGUARDED_AVAILABILITY = YES_AGGRESSIVE;
				CLANG_WARN_UNREACHABLE_CODE = YES;
				CLANG_WARN__DUPLICATE_METHOD_MATCH = YES;
				COPY_PHASE_STRIP = NO;
				DEBUG_INFORMATION_FORMAT = dwarf;
				ENABLE_STRICT_OBJC_MSGSEND = YES;
				ENABLE_TESTABILITY = YES;
				GCC_C_LANGUAGE_STANDARD = gnu11;
				GCC_DYNAMIC_NO_PIC = NO;
				GCC_NO_COMMON_BLOCKS = YES;
				GCC_OPTIMIZATION_LEVEL = 0;
				GCC_PREPROCESSOR_DEFINITIONS = (
					"DEBUG=1",
					"$(inherited)",
				);
				GCC_WARN_64_TO_32_BIT_CONVERSION = YES;
				GCC_WARN_ABOUT_RETURN_TYPE = YES_ERROR;
				GCC_WARN_UNDECLARED_SELECTOR = YES;
				GCC_WARN_UNINITIALIZED_AUTOS = YES_AGGRESSIVE;
				GCC_WARN_UNUSED_FUNCTION = YES;
				GCC_WARN_UNUSED_VARIABLE = YES;
				IPHONEOS_DEPLOYMENT_TARGET = 15.0;
				MTL_ENABLE_DEBUG_INFO = INCLUDE_SOURCE;
				MTL_FAST_MATH = YES;
				ONLY_ACTIVE_ARCH = YES;
				SDKROOT = iphoneos;
				SWIFT_ACTIVE_COMPILATION_CONDITIONS = DEBUG;
				SWIFT_OPTIMIZATION_LEVEL = "-Onone";
			};
			name = Debug;
		};
		6282202D279E0B21007F97E2 /* Release */ = {
			isa = XCBuildConfiguration;
			buildSettings = {
				ALWAYS_SEARCH_USER_PATHS = NO;
				CLANG_ANALYZER_NONNULL = YES;
				CLANG_ANALYZER_NUMBER_OBJECT_CONVERSION = YES_AGGRESSIVE;
				CLANG_CXX_LANGUAGE_STANDARD = "gnu++17";
				CLANG_CXX_LIBRARY = "libc++";
				CLANG_ENABLE_MODULES = YES;
				CLANG_ENABLE_OBJC_ARC = YES;
				CLANG_ENABLE_OBJC_WEAK = YES;
				CLANG_WARN_BLOCK_CAPTURE_AUTORELEASING = YES;
				CLANG_WARN_BOOL_CONVERSION = YES;
				CLANG_WARN_COMMA = YES;
				CLANG_WARN_CONSTANT_CONVERSION = YES;
				CLANG_WARN_DEPRECATED_OBJC_IMPLEMENTATIONS = YES;
				CLANG_WARN_DIRECT_OBJC_ISA_USAGE = YES_ERROR;
				CLANG_WARN_DOCUMENTATION_COMMENTS = YES;
				CLANG_WARN_EMPTY_BODY = YES;
				CLANG_WARN_ENUM_CONVERSION = YES;
				CLANG_WARN_INFINITE_RECURSION = YES;
				CLANG_WARN_INT_CONVERSION = YES;
				CLANG_WARN_NON_LITERAL_NULL_CONVERSION = YES;
				CLANG_WARN_OBJC_IMPLICIT_RETAIN_SELF = YES;
				CLANG_WARN_OBJC_LITERAL_CONVERSION = YES;
				CLANG_WARN_OBJC_ROOT_CLASS = YES_ERROR;
				CLANG_WARN_QUOTED_INCLUDE_IN_FRAMEWORK_HEADER = YES;
				CLANG_WARN_RANGE_LOOP_ANALYSIS = YES;
				CLANG_WARN_STRICT_PROTOTYPES = YES;
				CLANG_WARN_SUSPICIOUS_MOVE = YES;
				CLANG_WARN_UNGUARDED_AVAILABILITY = YES_AGGRESSIVE;
				CLANG_WARN_UNREACHABLE_CODE = YES;
				CLANG_WARN__DUPLICATE_METHOD_MATCH = YES;
				COPY_PHASE_STRIP = NO;
				DEBUG_INFORMATION_FORMAT = "dwarf-with-dsym";
				ENABLE_NS_ASSERTIONS = NO;
				ENABLE_STRICT_OBJC_MSGSEND = YES;
				GCC_C_LANGUAGE_STANDARD = gnu11;
				GCC_NO_COMMON_BLOCKS = YES;
				GCC_WARN_64_TO_32_BIT_CONVERSION = YES;
				GCC_WARN_ABOUT_RETURN_TYPE = YES_ERROR;
				GCC_WARN_UNDECLARED_SELECTOR = YES;
				GCC_WARN_UNINITIALIZED_AUTOS = YES_AGGRESSIVE;
				GCC_WARN_UNUSED_FUNCTION = YES;
				GCC_WARN_UNUSED_VARIABLE = YES;
				IPHONEOS_DEPLOYMENT_TARGET = 15.0;
				MTL_ENABLE_DEBUG_INFO = NO;
				MTL_FAST_MATH = YES;
				SDKROOT = iphoneos;
				SWIFT_COMPILATION_MODE = wholemodule;
				SWIFT_OPTIMIZATION_LEVEL = "-O";
				VALIDATE_PRODUCT = YES;
			};
			name = Release;
		};
		6282202F279E0B21007F97E2 /* Debug */ = {
			isa = XCBuildConfiguration;
			buildSettings = {
				ASSETCATALOG_COMPILER_APPICON_NAME = AppIcon;
				ASSETCATALOG_COMPILER_GLOBAL_ACCENT_COLOR_NAME = AccentColor;
				CODE_SIGN_STYLE = Automatic;
				CURRENT_PROJECT_VERSION = 1;
				DEVELOPMENT_TEAM = 5RP3YJ7VKV;
				GENERATE_INFOPLIST_FILE = YES;
				INFOPLIST_KEY_UIApplicationSupportsIndirectInputEvents = YES;
				INFOPLIST_KEY_UILaunchStoryboardName = LaunchScreen;
				INFOPLIST_KEY_UIMainStoryboardFile = Main;
				INFOPLIST_KEY_UIStatusBarHidden = YES;
				INFOPLIST_KEY_UISupportedInterfaceOrientations_iPad = "UIInterfaceOrientationPortrait UIInterfaceOrientationPortraitUpsideDown UIInterfaceOrientationLandscapeLeft UIInterfaceOrientationLandscapeRight";
				INFOPLIST_KEY_UISupportedInterfaceOrientations_iPhone = "UIInterfaceOrientationPortrait UIInterfaceOrientationLandscapeLeft UIInterfaceOrientationLandscapeRight";
				LD_RUNPATH_SEARCH_PATHS = (
					"$(inherited)",
					"@executable_path/Frameworks",
				);
				MARKETING_VERSION = 1.0;
				PRODUCT_BUNDLE_IDENTIFIER = cp.CPingPong;
				PRODUCT_NAME = "$(TARGET_NAME)";
				SWIFT_EMIT_LOC_STRINGS = YES;
				SWIFT_VERSION = 5.0;
				TARGETED_DEVICE_FAMILY = "1,2";
			};
			name = Debug;
		};
		62822030279E0B21007F97E2 /* Release */ = {
			isa = XCBuildConfiguration;
			buildSettings = {
				ASSETCATALOG_COMPILER_APPICON_NAME = AppIcon;
				ASSETCATALOG_COMPILER_GLOBAL_ACCENT_COLOR_NAME = AccentColor;
				CODE_SIGN_STYLE = Automatic;
				CURRENT_PROJECT_VERSION = 1;
				DEVELOPMENT_TEAM = 5RP3YJ7VKV;
				GENERATE_INFOPLIST_FILE = YES;
				INFOPLIST_KEY_UIApplicationSupportsIndirectInputEvents = YES;
				INFOPLIST_KEY_UILaunchStoryboardName = LaunchScreen;
				INFOPLIST_KEY_UIMainStoryboardFile = Main;
				INFOPLIST_KEY_UIStatusBarHidden = YES;
				INFOPLIST_KEY_UISupportedInterfaceOrientations_iPad = "UIInterfaceOrientationPortrait UIInterfaceOrientationPortraitUpsideDown UIInterfaceOrientationLandscapeLeft UIInterfaceOrientationLandscapeRight";
				INFOPLIST_KEY_UISupportedInterfaceOrientations_iPhone = "UIInterfaceOrientationPortrait UIInterfaceOrientationLandscapeLeft UIInterfaceOrientationLandscapeRight";
				LD_RUNPATH_SEARCH_PATHS = (
					"$(inherited)",
					"@executable_path/Frameworks",
				);
				MARKETING_VERSION = 1.0;
				PRODUCT_BUNDLE_IDENTIFIER = cp.CPingPong;
				PRODUCT_NAME = "$(TARGET_NAME)";
				SWIFT_EMIT_LOC_STRINGS = YES;
				SWIFT_VERSION = 5.0;
				TARGETED_DEVICE_FAMILY = "1,2";
			};
			name = Release;
		};
		62822032279E0B21007F97E2 /* Debug */ = {
			isa = XCBuildConfiguration;
			buildSettings = {
				ALWAYS_EMBED_SWIFT_STANDARD_LIBRARIES = YES;
				BUNDLE_LOADER = "$(TEST_HOST)";
				CODE_SIGN_STYLE = Automatic;
				CURRENT_PROJECT_VERSION = 1;
				DEVELOPMENT_TEAM = 5RP3YJ7VKV;
				GENERATE_INFOPLIST_FILE = YES;
				IPHONEOS_DEPLOYMENT_TARGET = 15.0;
				LD_RUNPATH_SEARCH_PATHS = (
					"$(inherited)",
					"@executable_path/Frameworks",
					"@loader_path/Frameworks",
				);
				MARKETING_VERSION = 1.0;
				PRODUCT_BUNDLE_IDENTIFIER = cp.CPingPongTests;
				PRODUCT_NAME = "$(TARGET_NAME)";
				SWIFT_EMIT_LOC_STRINGS = NO;
				SWIFT_VERSION = 5.0;
				TARGETED_DEVICE_FAMILY = "1,2";
				TEST_HOST = "$(BUILT_PRODUCTS_DIR)/CPingPong.app/CPingPong";
			};
			name = Debug;
		};
		62822033279E0B21007F97E2 /* Release */ = {
			isa = XCBuildConfiguration;
			buildSettings = {
				ALWAYS_EMBED_SWIFT_STANDARD_LIBRARIES = YES;
				BUNDLE_LOADER = "$(TEST_HOST)";
				CODE_SIGN_STYLE = Automatic;
				CURRENT_PROJECT_VERSION = 1;
				DEVELOPMENT_TEAM = 5RP3YJ7VKV;
				GENERATE_INFOPLIST_FILE = YES;
				IPHONEOS_DEPLOYMENT_TARGET = 15.0;
				LD_RUNPATH_SEARCH_PATHS = (
					"$(inherited)",
					"@executable_path/Frameworks",
					"@loader_path/Frameworks",
				);
				MARKETING_VERSION = 1.0;
				PRODUCT_BUNDLE_IDENTIFIER = cp.CPingPongTests;
				PRODUCT_NAME = "$(TARGET_NAME)";
				SWIFT_EMIT_LOC_STRINGS = NO;
				SWIFT_VERSION = 5.0;
				TARGETED_DEVICE_FAMILY = "1,2";
				TEST_HOST = "$(BUILT_PRODUCTS_DIR)/CPingPong.app/CPingPong";
			};
			name = Release;
		};
		62822035279E0B21007F97E2 /* Debug */ = {
			isa = XCBuildConfiguration;
			buildSettings = {
				ALWAYS_EMBED_SWIFT_STANDARD_LIBRARIES = YES;
				CODE_SIGN_STYLE = Automatic;
				CURRENT_PROJECT_VERSION = 1;
				DEVELOPMENT_TEAM = 5RP3YJ7VKV;
				GENERATE_INFOPLIST_FILE = YES;
				LD_RUNPATH_SEARCH_PATHS = (
					"$(inherited)",
					"@executable_path/Frameworks",
					"@loader_path/Frameworks",
				);
				MARKETING_VERSION = 1.0;
				PRODUCT_BUNDLE_IDENTIFIER = cp.CPingPongUITests;
				PRODUCT_NAME = "$(TARGET_NAME)";
				SWIFT_EMIT_LOC_STRINGS = NO;
				SWIFT_VERSION = 5.0;
				TARGETED_DEVICE_FAMILY = "1,2";
				TEST_TARGET_NAME = CPingPong;
			};
			name = Debug;
		};
		62822036279E0B21007F97E2 /* Release */ = {
			isa = XCBuildConfiguration;
			buildSettings = {
				ALWAYS_EMBED_SWIFT_STANDARD_LIBRARIES = YES;
				CODE_SIGN_STYLE = Automatic;
				CURRENT_PROJECT_VERSION = 1;
				DEVELOPMENT_TEAM = 5RP3YJ7VKV;
				GENERATE_INFOPLIST_FILE = YES;
				LD_RUNPATH_SEARCH_PATHS = (
					"$(inherited)",
					"@executable_path/Frameworks",
					"@loader_path/Frameworks",
				);
				MARKETING_VERSION = 1.0;
				PRODUCT_BUNDLE_IDENTIFIER = cp.CPingPongUITests;
				PRODUCT_NAME = "$(TARGET_NAME)";
				SWIFT_EMIT_LOC_STRINGS = NO;
				SWIFT_VERSION = 5.0;
				TARGETED_DEVICE_FAMILY = "1,2";
				TEST_TARGET_NAME = CPingPong;
			};
			name = Release;
		};
/* End XCBuildConfiguration section */

/* Begin XCConfigurationList section */
		62821FFC279E0B1D007F97E2 /* Build configuration list for PBXProject "CPingPong" */ = {
			isa = XCConfigurationList;
			buildConfigurations = (
				6282202C279E0B21007F97E2 /* Debug */,
				6282202D279E0B21007F97E2 /* Release */,
			);
			defaultConfigurationIsVisible = 0;
			defaultConfigurationName = Release;
		};
		6282202E279E0B21007F97E2 /* Build configuration list for PBXNativeTarget "CPingPong" */ = {
			isa = XCConfigurationList;
			buildConfigurations = (
				6282202F279E0B21007F97E2 /* Debug */,
				62822030279E0B21007F97E2 /* Release */,
			);
			defaultConfigurationIsVisible = 0;
			defaultConfigurationName = Release;
		};
		62822031279E0B21007F97E2 /* Build configuration list for PBXNativeTarget "CPingPongTests" */ = {
			isa = XCConfigurationList;
			buildConfigurations = (
				62822032279E0B21007F97E2 /* Debug */,
				62822033279E0B21007F97E2 /* Release */,
			);
			defaultConfigurationIsVisible = 0;
			defaultConfigurationName = Release;
		};
		62822034279E0B21007F97E2 /* Build configuration list for PBXNativeTarget "CPingPongUITests" */ = {
			isa = XCConfigurationList;
			buildConfigurations = (
				62822035279E0B21007F97E2 /* Debug */,
				62822036279E0B21007F97E2 /* Release */,
			);
			defaultConfigurationIsVisible = 0;
			defaultConfigurationName = Release;
		};
/* End XCConfigurationList section */
	};
	rootObject = 62821FF9279E0B1D007F97E2 /* Project object */;
}
